
Microsoft Visual Studio Solution File, Format Version 12.00
# Visual Studio Version 17
VisualStudioVersion = 17.0.32112.339
MinimumVisualStudioVersion = 10.0.40219.1
Project("{FAE04EC0-301F-11D3-BF4B-00C04F79EFBC}") = "ITMO.ADO.Net.DBConnection", "ITMO.ADO.Net.DBConnection\ITMO.ADO.Net.DBConnection.csproj", "{6A1DCC93-A1A0-45A7-B7CF-AA47D55DCBFD}"
EndProject
Project("{FAE04EC0-301F-11D3-BF4B-00C04F79EFBC}") = "ITMO.ADO.Net.DBCommand", "ITMO.ADO.Net.DBCommand\ITMO.ADO.Net.DBCommand.csproj", "{EF8FEF1E-75BD-4325-81E4-3031206D28E9}"
EndProject
Project("{FAE04EC0-301F-11D3-BF4B-00C04F79EFBC}") = "ITMO.ADO.NET.DatasetDesigner", "ITMO.ADO.NET.DatasetDesigner\ITMO.ADO.NET.DatasetDesigner.csproj", "{E493AAB4-85D4-453A-90DE-4B487F781300}"
EndProject
Project("{FAE04EC0-301F-11D3-BF4B-00C04F79EFBC}") = "ITMO.ADO.NET.CreatingDataTable4.2", "ITMO.ADO.NET.CreatingDataTable4.2\ITMO.ADO.NET.CreatingDataTable4.2.csproj", "{EA45F399-184D-4641-B540-6C73E5CD2D56}"
EndProject
Project("{FAE04EC0-301F-11D3-BF4B-00C04F79EFBC}") = "ITMO.ADO.NET.DataAdapterProgram.P4ex3", "ITMO.ADO.NET.DataAdapterProgram.P4ex3\ITMO.ADO.NET.DataAdapterProgram.P4ex3.csproj", "{46536CD3-C3FD-4506-B0A4-616ED0BB7494}"
EndProject
Project("{FAE04EC0-301F-11D3-BF4B-00C04F79EFBC}") = "ITMO.ADO.NET.DataAdapterWizard.P4ex4", "ITMO.ADO.NET.DataAdapterWizard.P4ex4\ITMO.ADO.NET.DataAdapterWizard.P4ex4.csproj", "{F03B3A34-A4B6-4D4A-9FFD-197332E17D5E}"
EndProject
Project("{FAE04EC0-301F-11D3-BF4B-00C04F79EFBC}") = "ITMO.ADO.NET.WorkingDataTable.P4ex5", "ITMO.ADO.NET.WorkingDataTable.P4ex5\ITMO.ADO.NET.WorkingDataTable.P4ex5.csproj", "{12EBBB42-52D5-4A33-BC26-8F27C7F7C180}"
EndProject
Project("{FAE04EC0-301F-11D3-BF4B-00C04F79EFBC}") = "ITMO.ADO.NET.DataViewExample.P4ex6", "ITMO.ADO.NET.DataViewExample.P4ex6\ITMO.ADO.NET.DataViewExample.P4ex6.csproj", "{E417CFAA-A7D7-4F54-8BCC-40C850E37ECE}"
EndProject
Project("{FAE04EC0-301F-11D3-BF4B-00C04F79EFBC}") = "ITMO.ADO.NET.DataSourcesWizard.P05ex1", "ITMO.ADO.NET.DataSourcesWizard.P05ex1\ITMO.ADO.NET.DataSourcesWizard.P05ex1.csproj", "{4B4A51FE-E1CF-4357-B71F-D1A59F3F3834}"
EndProject
Project("{FAE04EC0-301F-11D3-BF4B-00C04F79EFBC}") = "ITMO.ADO.NET.DataBindingSimple.P05ex2", "ITMO.ADO.NET.DataBindingSimple.P05ex2\ITMO.ADO.NET.DataBindingSimple.P05ex2.csproj", "{8CA4A3B0-C3A1-44C5-8514-5C262F36E466}"
EndProject
Project("{FAE04EC0-301F-11D3-BF4B-00C04F79EFBC}") = "ITMO.ADO.NET.DataBindingComplex.P05ex3", "ITMO.ADO.NET.DataBindingComplex.P05ex3\ITMO.ADO.NET.DataBindingComplex.P05ex3.csproj", "{28027151-1A31-4570-8518-5065192BD00F}"
EndProject
Project("{FAE04EC0-301F-11D3-BF4B-00C04F79EFBC}") = "ITMO.ADO.NET.DataGridViewExample.P05ex4", "ITMO.ADO.NET.DataGridViewExample.P05ex4\ITMO.ADO.NET.DataGridViewExample.P05ex4.csproj", "{CBB1B2FE-C035-42AD-A699-62EF52C02E66}"
EndProject
Project("{FAE04EC0-301F-11D3-BF4B-00C04F79EFBC}") = "ITMO.ADO.NET.SavingDataSetXml.P6ex1", "ITMO.ADO.NET.SavingDataSetXml.P6ex1\ITMO.ADO.NET.SavingDataSetXml.P6ex1.csproj", "{431A877A-DCFE-45F1-BB92-913466303F09}"
EndProject
Project("{FAE04EC0-301F-11D3-BF4B-00C04F79EFBC}") = "ITMO.ADO.NET.LoadDataSetXml.P06ex02", "ITMO.ADO.NET.LoadDataSetXml.P06ex02\ITMO.ADO.NET.LoadDataSetXml.P06ex02.csproj", "{F6324C15-104E-47D8-AD86-E44FFB1024E2}"
EndProject
Project("{FAE04EC0-301F-11D3-BF4B-00C04F79EFBC}") = "ITMO.ADO.NET.Linq_Student.P07ex", "ITMO.ADO.NET.Linq_Student.P07ex\ITMO.ADO.NET.Linq_Student.P07ex.csproj", "{1EC026C6-CDA5-453F-9752-F15101AE6D6A}"
EndProject
Global
	GlobalSection(SolutionConfigurationPlatforms) = preSolution
		Debug|Any CPU = Debug|Any CPU
		Release|Any CPU = Release|Any CPU
	EndGlobalSection
	GlobalSection(ProjectConfigurationPlatforms) = postSolution
		{6A1DCC93-A1A0-45A7-B7CF-AA47D55DCBFD}.Debug|Any CPU.ActiveCfg = Debug|Any CPU
		{6A1DCC93-A1A0-45A7-B7CF-AA47D55DCBFD}.Debug|Any CPU.Build.0 = Debug|Any CPU
		{6A1DCC93-A1A0-45A7-B7CF-AA47D55DCBFD}.Release|Any CPU.ActiveCfg = Release|Any CPU
		{6A1DCC93-A1A0-45A7-B7CF-AA47D55DCBFD}.Release|Any CPU.Build.0 = Release|Any CPU
		{EF8FEF1E-75BD-4325-81E4-3031206D28E9}.Debug|Any CPU.ActiveCfg = Debug|Any CPU
		{EF8FEF1E-75BD-4325-81E4-3031206D28E9}.Debug|Any CPU.Build.0 = Debug|Any CPU
		{EF8FEF1E-75BD-4325-81E4-3031206D28E9}.Release|Any CPU.ActiveCfg = Release|Any CPU
		{EF8FEF1E-75BD-4325-81E4-3031206D28E9}.Release|Any CPU.Build.0 = Release|Any CPU
		{E493AAB4-85D4-453A-90DE-4B487F781300}.Debug|Any CPU.ActiveCfg = Debug|Any CPU
		{E493AAB4-85D4-453A-90DE-4B487F781300}.Debug|Any CPU.Build.0 = Debug|Any CPU
		{E493AAB4-85D4-453A-90DE-4B487F781300}.Release|Any CPU.ActiveCfg = Release|Any CPU
		{E493AAB4-85D4-453A-90DE-4B487F781300}.Release|Any CPU.Build.0 = Release|Any CPU
		{EA45F399-184D-4641-B540-6C73E5CD2D56}.Debug|Any CPU.ActiveCfg = Debug|Any CPU
		{EA45F399-184D-4641-B540-6C73E5CD2D56}.Debug|Any CPU.Build.0 = Debug|Any CPU
		{EA45F399-184D-4641-B540-6C73E5CD2D56}.Release|Any CPU.ActiveCfg = Release|Any CPU
		{EA45F399-184D-4641-B540-6C73E5CD2D56}.Release|Any CPU.Build.0 = Release|Any CPU
		{46536CD3-C3FD-4506-B0A4-616ED0BB7494}.Debug|Any CPU.ActiveCfg = Debug|Any CPU
		{46536CD3-C3FD-4506-B0A4-616ED0BB7494}.Debug|Any CPU.Build.0 = Debug|Any CPU
		{46536CD3-C3FD-4506-B0A4-616ED0BB7494}.Release|Any CPU.ActiveCfg = Release|Any CPU
		{46536CD3-C3FD-4506-B0A4-616ED0BB7494}.Release|Any CPU.Build.0 = Release|Any CPU
		{F03B3A34-A4B6-4D4A-9FFD-197332E17D5E}.Debug|Any CPU.ActiveCfg = Debug|Any CPU
		{F03B3A34-A4B6-4D4A-9FFD-197332E17D5E}.Debug|Any CPU.Build.0 = Debug|Any CPU
		{F03B3A34-A4B6-4D4A-9FFD-197332E17D5E}.Release|Any CPU.ActiveCfg = Release|Any CPU
		{F03B3A34-A4B6-4D4A-9FFD-197332E17D5E}.Release|Any CPU.Build.0 = Release|Any CPU
		{12EBBB42-52D5-4A33-BC26-8F27C7F7C180}.Debug|Any CPU.ActiveCfg = Debug|Any CPU
		{12EBBB42-52D5-4A33-BC26-8F27C7F7C180}.Debug|Any CPU.Build.0 = Debug|Any CPU
		{12EBBB42-52D5-4A33-BC26-8F27C7F7C180}.Release|Any CPU.ActiveCfg = Release|Any CPU
		{12EBBB42-52D5-4A33-BC26-8F27C7F7C180}.Release|Any CPU.Build.0 = Release|Any CPU
		{E417CFAA-A7D7-4F54-8BCC-40C850E37ECE}.Debug|Any CPU.ActiveCfg = Debug|Any CPU
		{E417CFAA-A7D7-4F54-8BCC-40C850E37ECE}.Debug|Any CPU.Build.0 = Debug|Any CPU
		{E417CFAA-A7D7-4F54-8BCC-40C850E37ECE}.Release|Any CPU.ActiveCfg = Release|Any CPU
		{E417CFAA-A7D7-4F54-8BCC-40C850E37ECE}.Release|Any CPU.Build.0 = Release|Any CPU
		{4B4A51FE-E1CF-4357-B71F-D1A59F3F3834}.Debug|Any CPU.ActiveCfg = Debug|Any CPU
		{4B4A51FE-E1CF-4357-B71F-D1A59F3F3834}.Debug|Any CPU.Build.0 = Debug|Any CPU
		{4B4A51FE-E1CF-4357-B71F-D1A59F3F3834}.Release|Any CPU.ActiveCfg = Release|Any CPU
		{4B4A51FE-E1CF-4357-B71F-D1A59F3F3834}.Release|Any CPU.Build.0 = Release|Any CPU
		{8CA4A3B0-C3A1-44C5-8514-5C262F36E466}.Debug|Any CPU.ActiveCfg = Debug|Any CPU
		{8CA4A3B0-C3A1-44C5-8514-5C262F36E466}.Debug|Any CPU.Build.0 = Debug|Any CPU
		{8CA4A3B0-C3A1-44C5-8514-5C262F36E466}.Release|Any CPU.ActiveCfg = Release|Any CPU
		{8CA4A3B0-C3A1-44C5-8514-5C262F36E466}.Release|Any CPU.Build.0 = Release|Any CPU
		{28027151-1A31-4570-8518-5065192BD00F}.Debug|Any CPU.ActiveCfg = Debug|Any CPU
		{28027151-1A31-4570-8518-5065192BD00F}.Debug|Any CPU.Build.0 = Debug|Any CPU
		{28027151-1A31-4570-8518-5065192BD00F}.Release|Any CPU.ActiveCfg = Release|Any CPU
		{28027151-1A31-4570-8518-5065192BD00F}.Release|Any CPU.Build.0 = Release|Any CPU
		{CBB1B2FE-C035-42AD-A699-62EF52C02E66}.Debug|Any CPU.ActiveCfg = Debug|Any CPU
		{CBB1B2FE-C035-42AD-A699-62EF52C02E66}.Debug|Any CPU.Build.0 = Debug|Any CPU
		{CBB1B2FE-C035-42AD-A699-62EF52C02E66}.Release|Any CPU.ActiveCfg = Release|Any CPU
		{CBB1B2FE-C035-42AD-A699-62EF52C02E66}.Release|Any CPU.Build.0 = Release|Any CPU
		{431A877A-DCFE-45F1-BB92-913466303F09}.Debug|Any CPU.ActiveCfg = Debug|Any CPU
		{431A877A-DCFE-45F1-BB92-913466303F09}.Debug|Any CPU.Build.0 = Debug|Any CPU
		{431A877A-DCFE-45F1-BB92-913466303F09}.Release|Any CPU.ActiveCfg = Release|Any CPU
		{431A877A-DCFE-45F1-BB92-913466303F09}.Release|Any CPU.Build.0 = Release|Any CPU
		{F6324C15-104E-47D8-AD86-E44FFB1024E2}.Debug|Any CPU.ActiveCfg = Debug|Any CPU
		{F6324C15-104E-47D8-AD86-E44FFB1024E2}.Debug|Any CPU.Build.0 = Debug|Any CPU
		{F6324C15-104E-47D8-AD86-E44FFB1024E2}.Release|Any CPU.ActiveCfg = Release|Any CPU
		{F6324C15-104E-47D8-AD86-E44FFB1024E2}.Release|Any CPU.Build.0 = Release|Any CPU
		{1EC026C6-CDA5-453F-9752-F15101AE6D6A}.Debug|Any CPU.ActiveCfg = Debug|Any CPU
		{1EC026C6-CDA5-453F-9752-F15101AE6D6A}.Debug|Any CPU.Build.0 = Debug|Any CPU
		{1EC026C6-CDA5-453F-9752-F15101AE6D6A}.Release|Any CPU.ActiveCfg = Release|Any CPU
		{1EC026C6-CDA5-453F-9752-F15101AE6D6A}.Release|Any CPU.Build.0 = Release|Any CPU
	EndGlobalSection
	GlobalSection(SolutionProperties) = preSolution
		HideSolutionNode = FALSE
	EndGlobalSection
	GlobalSection(ExtensibilityGlobals) = postSolution
		SolutionGuid = {273D3FC7-0CBA-4355-86F4-8A7433361DE9}
	EndGlobalSection
EndGlobal
